
Microsoft Visual Studio Solution File, Format Version 12.00
# Visual Studio Version 16
VisualStudioVersion = 16.0.29806.167
MinimumVisualStudioVersion = 10.0.40219.1
Project("{8BC9CEB8-8B4A-11D0-8D11-00A0C91BC942}") = "MP3", "MP3\MP3.vcxproj", "{96630221-87F3-495E-B94A-E9A5A7356EE2}"
EndProject
Global
	GlobalSection(SolutionConfigurationPlatforms) = preSolution
		Debug|x64 = Debug|x64
		Debug|x86 = Debug|x86
		Release|x64 = Release|x64
		Release|x86 = Release|x86
	EndGlobalSection
	GlobalSection(ProjectConfigurationPlatforms) = postSolution
		{96630221-87F3-495E-B94A-E9A5A7356EE2}.Debug|x64.ActiveCfg = Debug|x64
		{96630221-87F3-495E-B94A-E9A5A7356EE2}.Debug|x64.Build.0 = Debug|x64
		{96630221-87F3-495E-B94A-E9A5A7356EE2}.Debug|x86.ActiveCfg = Debug|Win32
		{96630221-87F3-495E-B94A-E9A5A7356EE2}.Debug|x86.Build.0 = Debug|Win32
		{96630221-87F3-495E-B94A-E9A5A7356EE2}.Release|x64.ActiveCfg = Release|x64
		{96630221-87F3-495E-B94A-E9A5A7356EE2}.Release|x64.Build.0 = Release|x64
		{96630221-87F3-495E-B94A-E9A5A7356EE2}.Release|x86.ActiveCfg = Release|Win32
		{96630221-87F3-495E-B94A-E9A5A7356EE2}.Release|x86.Build.0 = Release|Win32
	EndGlobalSection
	GlobalSection(SolutionProperties) = preSolution
		HideSolutionNode = FALSE
	EndGlobalSection
	GlobalSection(ExtensibilityGlobals) = postSolution
		SolutionGuid = {C020EB96-F203-4A53-83E9-2191064DD63C}
	EndGlobalSection
EndGlobal
